{
  "name": "pixel-tools",
  "version": "0.8.8",
  "lockfileVersion": 3,
  "requires": true,
  "packages": {
    "": {
      "name": "pixel-tools",
      "version": "0.8.8",
      "license": "MPL-2.0",
      "bin": {
        "atlaspack": "scripts/wrapper.js",
        "fontpack": "scripts/wrapper.js",
        "tilepack": "scripts/wrapper.js"
      },
      "engines": {
        "node": ">=14"
      }
    }
  }
}
